
Microsoft Visual Studio Solution File, Format Version 12.00
# Visual Studio 2013
VisualStudioVersion = 12.0.21005.1
MinimumVisualStudioVersion = 10.0.40219.1
Project("{FAE04EC0-301F-11D3-BF4B-00C04F79EFBC}") = "CatAndMouse", "CatAndMouse\CatAndMouse\CatAndMouse.csproj", "{7B945155-8907-450C-A1F5-BF4E46A60F86}"
EndProject
Project("{FAE04EC0-301F-11D3-BF4B-00C04F79EFBC}") = "CatAndMouseContent", "CatAndMouse\CatAndMouseContent\CatAndMouseContent.contentproj", "{9A759DA9-2A65-4B06-B096-5974D14B15B0}"
EndProject
Global
	GlobalSection(SolutionConfigurationPlatforms) = preSolution
		Debug|x86 = Debug|x86
		Release|x86 = Release|x86
	EndGlobalSection
	GlobalSection(ProjectConfigurationPlatforms) = postSolution
		{7B945155-8907-450C-A1F5-BF4E46A60F86}.Debug|x86.ActiveCfg = Debug|x86
		{7B945155-8907-450C-A1F5-BF4E46A60F86}.Debug|x86.Build.0 = Debug|x86
		{7B945155-8907-450C-A1F5-BF4E46A60F86}.Release|x86.ActiveCfg = Release|x86
		{7B945155-8907-450C-A1F5-BF4E46A60F86}.Release|x86.Build.0 = Release|x86
		{9A759DA9-2A65-4B06-B096-5974D14B15B0}.Debug|x86.ActiveCfg = Debug|x86
		{9A759DA9-2A65-4B06-B096-5974D14B15B0}.Release|x86.ActiveCfg = Release|x86
	EndGlobalSection
	GlobalSection(SolutionProperties) = preSolution
		HideSolutionNode = FALSE
	EndGlobalSection
EndGlobal
